
Microsoft Visual Studio Solution File, Format Version 12.00
# Visual Studio Version 17
VisualStudioVersion = 17.10.35013.160
MinimumVisualStudioVersion = 10.0.40219.1
Project("{FAE04EC0-301F-11D3-BF4B-00C04F79EFBC}") = "ConsoleWrapperLib", "ConsoleWrapper\ConsoleWrapperLib.csproj", "{69E83830-6BAF-4922-A77C-4FE1D4B8DB5E}"
EndProject
Project("{FAE04EC0-301F-11D3-BF4B-00C04F79EFBC}") = "ConsoleWrapperTest", "ConsoleWrapperTest\ConsoleWrapperTest.csproj", "{F83C5B4C-33BA-43C9-A281-4C39BC92DF81}"
EndProject
Global
	GlobalSection(SolutionConfigurationPlatforms) = preSolution
		Debug|Any CPU = Debug|Any CPU
		Release|Any CPU = Release|Any CPU
	EndGlobalSection
	GlobalSection(ProjectConfigurationPlatforms) = postSolution
		{69E83830-6BAF-4922-A77C-4FE1D4B8DB5E}.Debug|Any CPU.ActiveCfg = Debug|Any CPU
		{69E83830-6BAF-4922-A77C-4FE1D4B8DB5E}.Debug|Any CPU.Build.0 = Debug|Any CPU
		{69E83830-6BAF-4922-A77C-4FE1D4B8DB5E}.Release|Any CPU.ActiveCfg = Release|Any CPU
		{69E83830-6BAF-4922-A77C-4FE1D4B8DB5E}.Release|Any CPU.Build.0 = Release|Any CPU
		{F83C5B4C-33BA-43C9-A281-4C39BC92DF81}.Debug|Any CPU.ActiveCfg = Debug|Any CPU
		{F83C5B4C-33BA-43C9-A281-4C39BC92DF81}.Debug|Any CPU.Build.0 = Debug|Any CPU
		{F83C5B4C-33BA-43C9-A281-4C39BC92DF81}.Release|Any CPU.ActiveCfg = Release|Any CPU
		{F83C5B4C-33BA-43C9-A281-4C39BC92DF81}.Release|Any CPU.Build.0 = Release|Any CPU
	EndGlobalSection
	GlobalSection(SolutionProperties) = preSolution
		HideSolutionNode = FALSE
	EndGlobalSection
	GlobalSection(ExtensibilityGlobals) = postSolution
		SolutionGuid = {9A641DF4-8A31-4AD6-9D68-42651BEC47D4}
	EndGlobalSection
EndGlobal
